
Microsoft Visual Studio Solution File, Format Version 12.00
# Visual Studio Version 16
VisualStudioVersion = 16.0.34601.136
MinimumVisualStudioVersion = 10.0.40219.1
Project("{FAE04EC0-301F-11D3-BF4B-00C04F79EFBC}") = "RefWebApi", "RefWebApi\RefWebApi.csproj", "{FA4BDF02-AF08-4EC2-A9EA-B846457AE0F4}"
EndProject
Global
	GlobalSection(SolutionConfigurationPlatforms) = preSolution
		Debug|Any CPU = Debug|Any CPU
		Release|Any CPU = Release|Any CPU
	EndGlobalSection
	GlobalSection(ProjectConfigurationPlatforms) = postSolution
		{FA4BDF02-AF08-4EC2-A9EA-B846457AE0F4}.Debug|Any CPU.ActiveCfg = Debug|Any CPU
		{FA4BDF02-AF08-4EC2-A9EA-B846457AE0F4}.Debug|Any CPU.Build.0 = Debug|Any CPU
		{FA4BDF02-AF08-4EC2-A9EA-B846457AE0F4}.Release|Any CPU.ActiveCfg = Release|Any CPU
		{FA4BDF02-AF08-4EC2-A9EA-B846457AE0F4}.Release|Any CPU.Build.0 = Release|Any CPU
	EndGlobalSection
	GlobalSection(SolutionProperties) = preSolution
		HideSolutionNode = FALSE
	EndGlobalSection
	GlobalSection(ExtensibilityGlobals) = postSolution
		SolutionGuid = {88580603-E214-457C-80E9-124A46B96925}
	EndGlobalSection
EndGlobal
